
Microsoft Visual Studio Solution File, Format Version 12.00
# Visual Studio Version 17
VisualStudioVersion = 17.4.33103.184
MinimumVisualStudioVersion = 10.0.40219.1
Project("{9A19103F-16F7-4668-BE54-9A1E7A4F7556}") = "Token", "Token.csproj", "{DF70DE5D-EEA3-4CE3-9A73-9818A4D2877E}"
EndProject
Project("{FAE04EC0-301F-11D3-BF4B-00C04F79EFBC}") = "DataApi", "..\DataApi\DataApi.csproj", "{449C7A60-D8D1-4415-992F-A4C70FA55385}"
EndProject
Global
	GlobalSection(SolutionConfigurationPlatforms) = preSolution
		Debug|Any CPU = Debug|Any CPU
		Release|Any CPU = Release|Any CPU
	EndGlobalSection
	GlobalSection(ProjectConfigurationPlatforms) = postSolution
		{DF70DE5D-EEA3-4CE3-9A73-9818A4D2877E}.Debug|Any CPU.ActiveCfg = Debug|Any CPU
		{DF70DE5D-EEA3-4CE3-9A73-9818A4D2877E}.Debug|Any CPU.Build.0 = Debug|Any CPU
		{DF70DE5D-EEA3-4CE3-9A73-9818A4D2877E}.Release|Any CPU.ActiveCfg = Release|Any CPU
		{DF70DE5D-EEA3-4CE3-9A73-9818A4D2877E}.Release|Any CPU.Build.0 = Release|Any CPU
		{449C7A60-D8D1-4415-992F-A4C70FA55385}.Debug|Any CPU.ActiveCfg = Debug|Any CPU
		{449C7A60-D8D1-4415-992F-A4C70FA55385}.Debug|Any CPU.Build.0 = Debug|Any CPU
		{449C7A60-D8D1-4415-992F-A4C70FA55385}.Release|Any CPU.ActiveCfg = Release|Any CPU
		{449C7A60-D8D1-4415-992F-A4C70FA55385}.Release|Any CPU.Build.0 = Release|Any CPU
	EndGlobalSection
	GlobalSection(SolutionProperties) = preSolution
		HideSolutionNode = FALSE
	EndGlobalSection
	GlobalSection(ExtensibilityGlobals) = postSolution
		SolutionGuid = {C10705F3-63D4-4E73-97AB-C71A62F7792E}
	EndGlobalSection
EndGlobal
